
Microsoft Visual Studio Solution File, Format Version 12.00
# Visual Studio Version 16
VisualStudioVersion = 16.0.30907.101
MinimumVisualStudioVersion = 10.0.40219.1
Project("{2150E333-8FDC-42A3-9474-1A3956D46DE8}") = "01 - Presentation", "01 - Presentation", "{8C062C1E-26E4-4CF9-B100-88DEE419CD6F}"
EndProject
Project("{2150E333-8FDC-42A3-9474-1A3956D46DE8}") = "03 - Domain", "03 - Domain", "{ABA86C69-0487-4D6F-B218-63E0648B394E}"
EndProject
Project("{2150E333-8FDC-42A3-9474-1A3956D46DE8}") = "04 - Infrastructure", "04 - Infrastructure", "{1F1F55C4-617C-47B8-9D91-86EDC3F8CD02}"
EndProject
Project("{2150E333-8FDC-42A3-9474-1A3956D46DE8}") = "05 - Test", "05 - Test", "{A5A11FE2-E587-41FF-A8AF-01894FB959D2}"
EndProject
Project("{2150E333-8FDC-42A3-9474-1A3956D46DE8}") = "02 - Application", "02 - Application", "{FC424CE9-4ABC-4000-B9B5-6C260DC6C2C8}"
EndProject
Project("{9A19103F-16F7-4668-BE54-9A1E7A4F7556}") = "Loris.Common", "Loris.Common\Loris.Common.csproj", "{555F187C-CC14-49A6-B164-3FA9C8DD0DCB}"
EndProject
Project("{9A19103F-16F7-4668-BE54-9A1E7A4F7556}") = "Loris.Common.EF", "Loris.Common.EF\Loris.Common.EF.csproj", "{D791AD3E-9FA8-4F57-A704-0B51238D2BDC}"
EndProject
Project("{9A19103F-16F7-4668-BE54-9A1E7A4F7556}") = "Loris.Common.Test", "Loris.Common.Test\Loris.Common.Test.csproj", "{D9B53832-36AE-42ED-BEEE-9BFF563D523C}"
EndProject
Project("{9A19103F-16F7-4668-BE54-9A1E7A4F7556}") = "SevenZip", "SevenZip\SevenZip.csproj", "{85B8A05D-301F-4E1C-8804-A40C488A5E2F}"
EndProject
Project("{9A19103F-16F7-4668-BE54-9A1E7A4F7556}") = "Loris.Common.Webapi", "Loris.Common.Webapi\Loris.Common.Webapi.csproj", "{7982DEEA-8FD6-4E4F-86AB-BD5EE28B78EF}"
EndProject
Project("{9A19103F-16F7-4668-BE54-9A1E7A4F7556}") = "Loris.CrossCutting", "Loris.CrossCutting\Loris.CrossCutting.csproj", "{FAB50629-A7DB-40B2-A5FE-E761827E47C4}"
EndProject
Project("{9A19103F-16F7-4668-BE54-9A1E7A4F7556}") = "Loris.Infra", "Loris.Infra\Loris.Infra.csproj", "{3648399A-C40A-4440-886E-982F1BADD711}"
EndProject
Project("{9A19103F-16F7-4668-BE54-9A1E7A4F7556}") = "Loris.Entities", "Loris.Entities\Loris.Entities.csproj", "{FEA1F2FC-5639-4DEA-A576-40A76BEFE8BB}"
EndProject
Project("{9A19103F-16F7-4668-BE54-9A1E7A4F7556}") = "Loris.Services", "Loris.Services\Loris.Services.csproj", "{8B0B8115-E095-45CF-BBC3-90E5A53C5E34}"
EndProject
Project("{9A19103F-16F7-4668-BE54-9A1E7A4F7556}") = "Loris.Interfaces", "Loris.Interfaces\Loris.Interfaces.csproj", "{0F4B9A06-9D66-4E12-B2CB-4793D3B40A3F}"
EndProject
Project("{9A19103F-16F7-4668-BE54-9A1E7A4F7556}") = "Loris.Resources", "Loris.Resources\Loris.Resources.csproj", "{C328603D-669D-4F83-97FB-5B9159AF532E}"
EndProject
Project("{9A19103F-16F7-4668-BE54-9A1E7A4F7556}") = "Loris.Application", "Loris.Application\Loris.Application.csproj", "{BC049D7F-D2AB-4987-8BF3-F5988DCD6DD1}"
EndProject
Project("{9A19103F-16F7-4668-BE54-9A1E7A4F7556}") = "Loris.Webapi", "Loris.Webapi\Loris.Webapi.csproj", "{CCD2596D-7CBD-4BD2-9D3D-5DDCC2F37AB7}"
EndProject
Global
	GlobalSection(SolutionConfigurationPlatforms) = preSolution
		Debug|Any CPU = Debug|Any CPU
		Release|Any CPU = Release|Any CPU
	EndGlobalSection
	GlobalSection(ProjectConfigurationPlatforms) = postSolution
		{555F187C-CC14-49A6-B164-3FA9C8DD0DCB}.Debug|Any CPU.ActiveCfg = Debug|Any CPU
		{555F187C-CC14-49A6-B164-3FA9C8DD0DCB}.Debug|Any CPU.Build.0 = Debug|Any CPU
		{555F187C-CC14-49A6-B164-3FA9C8DD0DCB}.Release|Any CPU.ActiveCfg = Release|Any CPU
		{555F187C-CC14-49A6-B164-3FA9C8DD0DCB}.Release|Any CPU.Build.0 = Release|Any CPU
		{D791AD3E-9FA8-4F57-A704-0B51238D2BDC}.Debug|Any CPU.ActiveCfg = Debug|Any CPU
		{D791AD3E-9FA8-4F57-A704-0B51238D2BDC}.Debug|Any CPU.Build.0 = Debug|Any CPU
		{D791AD3E-9FA8-4F57-A704-0B51238D2BDC}.Release|Any CPU.ActiveCfg = Release|Any CPU
		{D791AD3E-9FA8-4F57-A704-0B51238D2BDC}.Release|Any CPU.Build.0 = Release|Any CPU
		{D9B53832-36AE-42ED-BEEE-9BFF563D523C}.Debug|Any CPU.ActiveCfg = Debug|Any CPU
		{D9B53832-36AE-42ED-BEEE-9BFF563D523C}.Debug|Any CPU.Build.0 = Debug|Any CPU
		{D9B53832-36AE-42ED-BEEE-9BFF563D523C}.Release|Any CPU.ActiveCfg = Release|Any CPU
		{D9B53832-36AE-42ED-BEEE-9BFF563D523C}.Release|Any CPU.Build.0 = Release|Any CPU
		{85B8A05D-301F-4E1C-8804-A40C488A5E2F}.Debug|Any CPU.ActiveCfg = Debug|Any CPU
		{85B8A05D-301F-4E1C-8804-A40C488A5E2F}.Debug|Any CPU.Build.0 = Debug|Any CPU
		{85B8A05D-301F-4E1C-8804-A40C488A5E2F}.Release|Any CPU.ActiveCfg = Release|Any CPU
		{85B8A05D-301F-4E1C-8804-A40C488A5E2F}.Release|Any CPU.Build.0 = Release|Any CPU
		{7982DEEA-8FD6-4E4F-86AB-BD5EE28B78EF}.Debug|Any CPU.ActiveCfg = Debug|Any CPU
		{7982DEEA-8FD6-4E4F-86AB-BD5EE28B78EF}.Debug|Any CPU.Build.0 = Debug|Any CPU
		{7982DEEA-8FD6-4E4F-86AB-BD5EE28B78EF}.Release|Any CPU.ActiveCfg = Release|Any CPU
		{7982DEEA-8FD6-4E4F-86AB-BD5EE28B78EF}.Release|Any CPU.Build.0 = Release|Any CPU
		{FAB50629-A7DB-40B2-A5FE-E761827E47C4}.Debug|Any CPU.ActiveCfg = Debug|Any CPU
		{FAB50629-A7DB-40B2-A5FE-E761827E47C4}.Debug|Any CPU.Build.0 = Debug|Any CPU
		{FAB50629-A7DB-40B2-A5FE-E761827E47C4}.Release|Any CPU.ActiveCfg = Release|Any CPU
		{FAB50629-A7DB-40B2-A5FE-E761827E47C4}.Release|Any CPU.Build.0 = Release|Any CPU
		{3648399A-C40A-4440-886E-982F1BADD711}.Debug|Any CPU.ActiveCfg = Debug|Any CPU
		{3648399A-C40A-4440-886E-982F1BADD711}.Debug|Any CPU.Build.0 = Debug|Any CPU
		{3648399A-C40A-4440-886E-982F1BADD711}.Release|Any CPU.ActiveCfg = Release|Any CPU
		{3648399A-C40A-4440-886E-982F1BADD711}.Release|Any CPU.Build.0 = Release|Any CPU
		{FEA1F2FC-5639-4DEA-A576-40A76BEFE8BB}.Debug|Any CPU.ActiveCfg = Debug|Any CPU
		{FEA1F2FC-5639-4DEA-A576-40A76BEFE8BB}.Debug|Any CPU.Build.0 = Debug|Any CPU
		{FEA1F2FC-5639-4DEA-A576-40A76BEFE8BB}.Release|Any CPU.ActiveCfg = Release|Any CPU
		{FEA1F2FC-5639-4DEA-A576-40A76BEFE8BB}.Release|Any CPU.Build.0 = Release|Any CPU
		{8B0B8115-E095-45CF-BBC3-90E5A53C5E34}.Debug|Any CPU.ActiveCfg = Debug|Any CPU
		{8B0B8115-E095-45CF-BBC3-90E5A53C5E34}.Debug|Any CPU.Build.0 = Debug|Any CPU
		{8B0B8115-E095-45CF-BBC3-90E5A53C5E34}.Release|Any CPU.ActiveCfg = Release|Any CPU
		{8B0B8115-E095-45CF-BBC3-90E5A53C5E34}.Release|Any CPU.Build.0 = Release|Any CPU
		{0F4B9A06-9D66-4E12-B2CB-4793D3B40A3F}.Debug|Any CPU.ActiveCfg = Debug|Any CPU
		{0F4B9A06-9D66-4E12-B2CB-4793D3B40A3F}.Debug|Any CPU.Build.0 = Debug|Any CPU
		{0F4B9A06-9D66-4E12-B2CB-4793D3B40A3F}.Release|Any CPU.ActiveCfg = Release|Any CPU
		{0F4B9A06-9D66-4E12-B2CB-4793D3B40A3F}.Release|Any CPU.Build.0 = Release|Any CPU
		{C328603D-669D-4F83-97FB-5B9159AF532E}.Debug|Any CPU.ActiveCfg = Debug|Any CPU
		{C328603D-669D-4F83-97FB-5B9159AF532E}.Debug|Any CPU.Build.0 = Debug|Any CPU
		{C328603D-669D-4F83-97FB-5B9159AF532E}.Release|Any CPU.ActiveCfg = Release|Any CPU
		{C328603D-669D-4F83-97FB-5B9159AF532E}.Release|Any CPU.Build.0 = Release|Any CPU
		{BC049D7F-D2AB-4987-8BF3-F5988DCD6DD1}.Debug|Any CPU.ActiveCfg = Debug|Any CPU
		{BC049D7F-D2AB-4987-8BF3-F5988DCD6DD1}.Debug|Any CPU.Build.0 = Debug|Any CPU
		{BC049D7F-D2AB-4987-8BF3-F5988DCD6DD1}.Release|Any CPU.ActiveCfg = Release|Any CPU
		{BC049D7F-D2AB-4987-8BF3-F5988DCD6DD1}.Release|Any CPU.Build.0 = Release|Any CPU
		{CCD2596D-7CBD-4BD2-9D3D-5DDCC2F37AB7}.Debug|Any CPU.ActiveCfg = Debug|Any CPU
		{CCD2596D-7CBD-4BD2-9D3D-5DDCC2F37AB7}.Debug|Any CPU.Build.0 = Debug|Any CPU
		{CCD2596D-7CBD-4BD2-9D3D-5DDCC2F37AB7}.Release|Any CPU.ActiveCfg = Release|Any CPU
		{CCD2596D-7CBD-4BD2-9D3D-5DDCC2F37AB7}.Release|Any CPU.Build.0 = Release|Any CPU
	EndGlobalSection
	GlobalSection(SolutionProperties) = preSolution
		HideSolutionNode = FALSE
	EndGlobalSection
	GlobalSection(NestedProjects) = preSolution
		{555F187C-CC14-49A6-B164-3FA9C8DD0DCB} = {1F1F55C4-617C-47B8-9D91-86EDC3F8CD02}
		{D791AD3E-9FA8-4F57-A704-0B51238D2BDC} = {1F1F55C4-617C-47B8-9D91-86EDC3F8CD02}
		{D9B53832-36AE-42ED-BEEE-9BFF563D523C} = {A5A11FE2-E587-41FF-A8AF-01894FB959D2}
		{85B8A05D-301F-4E1C-8804-A40C488A5E2F} = {1F1F55C4-617C-47B8-9D91-86EDC3F8CD02}
		{7982DEEA-8FD6-4E4F-86AB-BD5EE28B78EF} = {1F1F55C4-617C-47B8-9D91-86EDC3F8CD02}
		{FAB50629-A7DB-40B2-A5FE-E761827E47C4} = {1F1F55C4-617C-47B8-9D91-86EDC3F8CD02}
		{3648399A-C40A-4440-886E-982F1BADD711} = {1F1F55C4-617C-47B8-9D91-86EDC3F8CD02}
		{FEA1F2FC-5639-4DEA-A576-40A76BEFE8BB} = {ABA86C69-0487-4D6F-B218-63E0648B394E}
		{8B0B8115-E095-45CF-BBC3-90E5A53C5E34} = {ABA86C69-0487-4D6F-B218-63E0648B394E}
		{0F4B9A06-9D66-4E12-B2CB-4793D3B40A3F} = {ABA86C69-0487-4D6F-B218-63E0648B394E}
		{C328603D-669D-4F83-97FB-5B9159AF532E} = {1F1F55C4-617C-47B8-9D91-86EDC3F8CD02}
		{BC049D7F-D2AB-4987-8BF3-F5988DCD6DD1} = {FC424CE9-4ABC-4000-B9B5-6C260DC6C2C8}
		{CCD2596D-7CBD-4BD2-9D3D-5DDCC2F37AB7} = {8C062C1E-26E4-4CF9-B100-88DEE419CD6F}
	EndGlobalSection
	GlobalSection(ExtensibilityGlobals) = postSolution
		SolutionGuid = {B6E60A84-7363-4150-B939-1F2F8E438ECB}
	EndGlobalSection
EndGlobal
